
Microsoft Visual Studio Solution File, Format Version 12.00
# Visual Studio Version 16
VisualStudioVersion = 16.0.30524.135
MinimumVisualStudioVersion = 10.0.40219.1
Project("{8BC9CEB8-8B4A-11D0-8D11-00A0C91BC942}") = "Server", "Server.vcxproj", "{758547F9-35EC-3788-8256-5187ECF1B40A}"
EndProject
Global
	GlobalSection(SolutionConfigurationPlatforms) = preSolution
		Debug|x64 = Debug|x64
		Release|x64 = Release|x64
	EndGlobalSection
	GlobalSection(ProjectConfigurationPlatforms) = postSolution
		{758547F9-35EC-3788-8256-5187ECF1B40A}.Debug|x64.ActiveCfg = Debug|x64
		{758547F9-35EC-3788-8256-5187ECF1B40A}.Debug|x64.Build.0 = Debug|x64
		{758547F9-35EC-3788-8256-5187ECF1B40A}.Release|x64.ActiveCfg = Release|x64
		{758547F9-35EC-3788-8256-5187ECF1B40A}.Release|x64.Build.0 = Release|x64
	EndGlobalSection
	GlobalSection(SolutionProperties) = preSolution
		HideSolutionNode = FALSE
	EndGlobalSection
	GlobalSection(ExtensibilityGlobals) = postSolution
		SolutionGuid = {EE96CAAD-657C-4AEE-8FF8-190A3AC1EAD7}
	EndGlobalSection
EndGlobal
